<?xml version="1.0" encoding="utf-8"?>
<Project ToolsVersion="4.0" xmlns="http://schemas.microsoft.com/developer/msbuild/2003">
  <ItemGroup>
    <ClCompile Include="Framework\console.cpp" />
    <ClCompile Include="Framework\timer.cpp" />
    <ClCompile Include="game.cpp" />
    <ClCompile Include="main.cpp" />
    <ClCompile Include="render_gameplay.cpp" />
    <ClCompile Include="render_menu.cpp" />
    <ClCompile Include="render_start_screen.cpp" />
  </ItemGroup>
  <ItemGroup>
<<<<<<< f42c40c2adcab91354e2f34e613f9182af718cb4
    <ClCompile Include="main.cpp">
      <Filter>Source Files</Filter>
    </ClCompile>
    <ClCompile Include="Framework\console.cpp">
      <Filter>Source Files\Framework</Filter>
    </ClCompile>
    <ClCompile Include="Framework\timer.cpp">
      <Filter>Source Files\Framework</Filter>
    </ClCompile>
    <ClCompile Include="game.cpp">
      <Filter>Source Files</Filter>
    </ClCompile>
    <ClCompile Include="render_menu.cpp">
      <Filter>Source Files</Filter>
    </ClCompile>
    <ClCompile Include="render_start_screen.cpp">
      <Filter>Source Files</Filter>
    </ClCompile>
    <ClCompile Include="render_gameplay.cpp">
      <Filter>Source Files</Filter>
    </ClCompile>
    <ClCompile Include="8bit_music.cpp">
      <Filter>Source Files</Filter>
    </ClCompile>
    <ClCompile Include="render_option.cpp">
      <Filter>Source Files</Filter>
    </ClCompile>
    <ClCompile Include="render_score.cpp">
      <Filter>Source Files</Filter>
    </ClCompile>
    <ClCompile Include="render_pause.cpp">
      <Filter>Source Files</Filter>
    </ClCompile>
  </ItemGroup>
  <ItemGroup>
    <ClInclude Include="Framework\console.h">
      <Filter>Header Files\Framework</Filter>
    </ClInclude>
    <ClInclude Include="Framework\timer.h">
      <Filter>Header Files\Framework</Filter>
    </ClInclude>
    <ClInclude Include="game.h">
      <Filter>Header Files</Filter>
    </ClInclude>
    <ClInclude Include="tetris.h">
      <Filter>Header Files</Filter>
    </ClInclude>
<<<<<<< beae32c5d0bc41106470374b59bb9102ab67af32
    <ClInclude Include="Gameplay.h">
      <Filter>Header Files</Filter>
    </ClInclude>
=======
=======
    <ClInclude Include="Framework\console.h" />
    <ClInclude Include="Framework\timer.h" />
    <ClInclude Include="game.h" />
    <ClInclude Include="tetris.h" />
>>>>>>> dd88a835f519b64050d0c5393a72bb9806699e88
>>>>>>> 4d78c908850b7c8d4ed128924b39bb047bb4e5c2
  </ItemGroup>
</Project>